
Microsoft Visual Studio Solution File, Format Version 12.00
# Visual Studio 15
VisualStudioVersion = 15.0.28307.271
MinimumVisualStudioVersion = 10.0.40219.1
Project("{FAE04EC0-301F-11D3-BF4B-00C04F79EFBC}") = "FoodTracksTests", "FoodTracksTests\FoodTracksTests.csproj", "{3A827F2E-B0AC-43A3-BBE6-B1EE5C84D6BE}"
EndProject
Project("{FAE04EC0-301F-11D3-BF4B-00C04F79EFBC}") = "FoodTracks", "FoodTracks\FoodTracks.csproj", "{7E683517-E3A8-4DDF-81C5-61AE1A7DDD0C}"
EndProject
Global
	GlobalSection(SolutionConfigurationPlatforms) = preSolution
		Debug|Any CPU = Debug|Any CPU
		Release|Any CPU = Release|Any CPU
	EndGlobalSection
	GlobalSection(ProjectConfigurationPlatforms) = postSolution
		{3A827F2E-B0AC-43A3-BBE6-B1EE5C84D6BE}.Debug|Any CPU.ActiveCfg = Debug|Any CPU
		{3A827F2E-B0AC-43A3-BBE6-B1EE5C84D6BE}.Debug|Any CPU.Build.0 = Debug|Any CPU
		{3A827F2E-B0AC-43A3-BBE6-B1EE5C84D6BE}.Release|Any CPU.ActiveCfg = Release|Any CPU
		{3A827F2E-B0AC-43A3-BBE6-B1EE5C84D6BE}.Release|Any CPU.Build.0 = Release|Any CPU
		{7E683517-E3A8-4DDF-81C5-61AE1A7DDD0C}.Debug|Any CPU.ActiveCfg = Debug|Any CPU
		{7E683517-E3A8-4DDF-81C5-61AE1A7DDD0C}.Debug|Any CPU.Build.0 = Debug|Any CPU
		{7E683517-E3A8-4DDF-81C5-61AE1A7DDD0C}.Release|Any CPU.ActiveCfg = Release|Any CPU
		{7E683517-E3A8-4DDF-81C5-61AE1A7DDD0C}.Release|Any CPU.Build.0 = Release|Any CPU
	EndGlobalSection
	GlobalSection(SolutionProperties) = preSolution
		HideSolutionNode = FALSE
	EndGlobalSection
	GlobalSection(ExtensibilityGlobals) = postSolution
		SolutionGuid = {0DAC0955-E5DF-497F-BF3C-2B69E716726F}
	EndGlobalSection
EndGlobal
