
Microsoft Visual Studio Solution File, Format Version 12.00
# Visual Studio 15
VisualStudioVersion = 15.0.28010.2050
MinimumVisualStudioVersion = 10.0.40219.1
Project("{FAE04EC0-301F-11D3-BF4B-00C04F79EFBC}") = "StringCalc", "StringCalc\StringCalc.csproj", "{28FA73F5-0D37-4634-B020-DDC246DBBB5E}"
EndProject
Project("{FAE04EC0-301F-11D3-BF4B-00C04F79EFBC}") = "StringCalcTests", "StringCalcTests\StringCalcTests.csproj", "{24B372E1-E294-4D00-B01F-C81AC6C89AAD}"
EndProject
Global
	GlobalSection(SolutionConfigurationPlatforms) = preSolution
		Debug|Any CPU = Debug|Any CPU
		Release|Any CPU = Release|Any CPU
	EndGlobalSection
	GlobalSection(ProjectConfigurationPlatforms) = postSolution
		{28FA73F5-0D37-4634-B020-DDC246DBBB5E}.Debug|Any CPU.ActiveCfg = Debug|Any CPU
		{28FA73F5-0D37-4634-B020-DDC246DBBB5E}.Debug|Any CPU.Build.0 = Debug|Any CPU
		{28FA73F5-0D37-4634-B020-DDC246DBBB5E}.Release|Any CPU.ActiveCfg = Release|Any CPU
		{28FA73F5-0D37-4634-B020-DDC246DBBB5E}.Release|Any CPU.Build.0 = Release|Any CPU
		{24B372E1-E294-4D00-B01F-C81AC6C89AAD}.Debug|Any CPU.ActiveCfg = Debug|Any CPU
		{24B372E1-E294-4D00-B01F-C81AC6C89AAD}.Debug|Any CPU.Build.0 = Debug|Any CPU
		{24B372E1-E294-4D00-B01F-C81AC6C89AAD}.Release|Any CPU.ActiveCfg = Release|Any CPU
		{24B372E1-E294-4D00-B01F-C81AC6C89AAD}.Release|Any CPU.Build.0 = Release|Any CPU
	EndGlobalSection
	GlobalSection(SolutionProperties) = preSolution
		HideSolutionNode = FALSE
	EndGlobalSection
	GlobalSection(ExtensibilityGlobals) = postSolution
		SolutionGuid = {C775C71A-871D-43DD-9984-46B666E80756}
	EndGlobalSection
EndGlobal
