
Microsoft Visual Studio Solution File, Format Version 12.00
# Visual Studio 15
VisualStudioVersion = 15.0.28307.168
MinimumVisualStudioVersion = 10.0.40219.1
Project("{FAE04EC0-301F-11D3-BF4B-00C04F79EFBC}") = "MockTraining", "MockTraining\MockTraining.csproj", "{84C344CB-7FCC-4496-ACD4-5EE6F7B72569}"
EndProject
Project("{FAE04EC0-301F-11D3-BF4B-00C04F79EFBC}") = "MockTrainingTests", "MockTrainingTests\MockTrainingTests.csproj", "{35AEC089-36DD-4CE2-8139-C656CFA5AEC6}"
EndProject
Global
	GlobalSection(SolutionConfigurationPlatforms) = preSolution
		Debug|Any CPU = Debug|Any CPU
		Release|Any CPU = Release|Any CPU
	EndGlobalSection
	GlobalSection(ProjectConfigurationPlatforms) = postSolution
		{84C344CB-7FCC-4496-ACD4-5EE6F7B72569}.Debug|Any CPU.ActiveCfg = Debug|Any CPU
		{84C344CB-7FCC-4496-ACD4-5EE6F7B72569}.Debug|Any CPU.Build.0 = Debug|Any CPU
		{84C344CB-7FCC-4496-ACD4-5EE6F7B72569}.Release|Any CPU.ActiveCfg = Release|Any CPU
		{84C344CB-7FCC-4496-ACD4-5EE6F7B72569}.Release|Any CPU.Build.0 = Release|Any CPU
		{35AEC089-36DD-4CE2-8139-C656CFA5AEC6}.Debug|Any CPU.ActiveCfg = Debug|Any CPU
		{35AEC089-36DD-4CE2-8139-C656CFA5AEC6}.Debug|Any CPU.Build.0 = Debug|Any CPU
		{35AEC089-36DD-4CE2-8139-C656CFA5AEC6}.Release|Any CPU.ActiveCfg = Release|Any CPU
		{35AEC089-36DD-4CE2-8139-C656CFA5AEC6}.Release|Any CPU.Build.0 = Release|Any CPU
	EndGlobalSection
	GlobalSection(SolutionProperties) = preSolution
		HideSolutionNode = FALSE
	EndGlobalSection
	GlobalSection(ExtensibilityGlobals) = postSolution
		SolutionGuid = {61A8D764-80CF-4954-97BA-388767D93B99}
	EndGlobalSection
EndGlobal
