
Microsoft Visual Studio Solution File, Format Version 12.00
# Visual Studio 15
VisualStudioVersion = 15.0.28010.2050
MinimumVisualStudioVersion = 10.0.40219.1
Project("{FAE04EC0-301F-11D3-BF4B-00C04F79EFBC}") = "HappyPlane", "HappyPlane\HappyPlane.csproj", "{71C93F16-4065-4228-B990-7D89A3DED94E}"
EndProject
Project("{FAE04EC0-301F-11D3-BF4B-00C04F79EFBC}") = "HppyPlaneTests", "HppyPlaneTests\HppyPlaneTests.csproj", "{C93DFF47-EAA2-442F-9E91-59D98BBE6801}"
EndProject
Global
	GlobalSection(SolutionConfigurationPlatforms) = preSolution
		Debug|Any CPU = Debug|Any CPU
		Release|Any CPU = Release|Any CPU
	EndGlobalSection
	GlobalSection(ProjectConfigurationPlatforms) = postSolution
		{71C93F16-4065-4228-B990-7D89A3DED94E}.Debug|Any CPU.ActiveCfg = Debug|Any CPU
		{71C93F16-4065-4228-B990-7D89A3DED94E}.Debug|Any CPU.Build.0 = Debug|Any CPU
		{71C93F16-4065-4228-B990-7D89A3DED94E}.Release|Any CPU.ActiveCfg = Release|Any CPU
		{71C93F16-4065-4228-B990-7D89A3DED94E}.Release|Any CPU.Build.0 = Release|Any CPU
		{C93DFF47-EAA2-442F-9E91-59D98BBE6801}.Debug|Any CPU.ActiveCfg = Debug|Any CPU
		{C93DFF47-EAA2-442F-9E91-59D98BBE6801}.Debug|Any CPU.Build.0 = Debug|Any CPU
		{C93DFF47-EAA2-442F-9E91-59D98BBE6801}.Release|Any CPU.ActiveCfg = Release|Any CPU
		{C93DFF47-EAA2-442F-9E91-59D98BBE6801}.Release|Any CPU.Build.0 = Release|Any CPU
	EndGlobalSection
	GlobalSection(SolutionProperties) = preSolution
		HideSolutionNode = FALSE
	EndGlobalSection
	GlobalSection(ExtensibilityGlobals) = postSolution
		SolutionGuid = {799B04D1-1CA9-4FBE-8853-6EF21D3BA0F4}
	EndGlobalSection
EndGlobal
